
Microsoft Visual Studio Solution File, Format Version 12.00
# Visual Studio Version 17
VisualStudioVersion = 17.6.33723.286
MinimumVisualStudioVersion = 10.0.40219.1
Project("{FAE04EC0-301F-11D3-BF4B-00C04F79EFBC}") = "ReproductorMusica.UWP", "ReproductorMusica.UWP\ReproductorMusica.UWP.csproj", "{940FDE9C-64A6-4F29-A4FC-AC041F821A1F}"
EndProject
Project("{FAE04EC0-301F-11D3-BF4B-00C04F79EFBC}") = "ReproductorMusica.Android", "ReproductorMusica.Android\ReproductorMusica.Android.csproj", "{CE805503-E2B7-448C-93AA-99339C038DDF}"
EndProject
Project("{FAE04EC0-301F-11D3-BF4B-00C04F79EFBC}") = "ReproductorMusica.iOS", "ReproductorMusica.iOS\ReproductorMusica.iOS.csproj", "{7CB55F07-E52E-4FC7-9AD0-3C005CB05F86}"
EndProject
Project("{FAE04EC0-301F-11D3-BF4B-00C04F79EFBC}") = "ReproductorMusica", "ReproductorMusica\ReproductorMusica.csproj", "{18286994-E3D7-4383-8B05-730FF13012C0}"
EndProject
Global
	GlobalSection(SolutionConfigurationPlatforms) = preSolution
		Debug|Any CPU = Debug|Any CPU
		Debug|ARM = Debug|ARM
		Debug|iPhone = Debug|iPhone
		Debug|iPhoneSimulator = Debug|iPhoneSimulator
		Debug|x64 = Debug|x64
		Debug|x86 = Debug|x86
		Release|Any CPU = Release|Any CPU
		Release|ARM = Release|ARM
		Release|iPhone = Release|iPhone
		Release|iPhoneSimulator = Release|iPhoneSimulator
		Release|x64 = Release|x64
		Release|x86 = Release|x86
	EndGlobalSection
	GlobalSection(ProjectConfigurationPlatforms) = postSolution
		{940FDE9C-64A6-4F29-A4FC-AC041F821A1F}.Debug|Any CPU.ActiveCfg = Debug|x64
		{940FDE9C-64A6-4F29-A4FC-AC041F821A1F}.Debug|Any CPU.Build.0 = Debug|x64
		{940FDE9C-64A6-4F29-A4FC-AC041F821A1F}.Debug|Any CPU.Deploy.0 = Debug|x64
		{940FDE9C-64A6-4F29-A4FC-AC041F821A1F}.Debug|ARM.ActiveCfg = Debug|ARM
		{940FDE9C-64A6-4F29-A4FC-AC041F821A1F}.Debug|ARM.Build.0 = Debug|ARM
		{940FDE9C-64A6-4F29-A4FC-AC041F821A1F}.Debug|ARM.Deploy.0 = Debug|ARM
		{940FDE9C-64A6-4F29-A4FC-AC041F821A1F}.Debug|iPhone.ActiveCfg = Debug|x64
		{940FDE9C-64A6-4F29-A4FC-AC041F821A1F}.Debug|iPhone.Build.0 = Debug|x64
		{940FDE9C-64A6-4F29-A4FC-AC041F821A1F}.Debug|iPhone.Deploy.0 = Debug|x64
		{940FDE9C-64A6-4F29-A4FC-AC041F821A1F}.Debug|iPhoneSimulator.ActiveCfg = Debug|x64
		{940FDE9C-64A6-4F29-A4FC-AC041F821A1F}.Debug|iPhoneSimulator.Build.0 = Debug|x64
		{940FDE9C-64A6-4F29-A4FC-AC041F821A1F}.Debug|iPhoneSimulator.Deploy.0 = Debug|x64
		{940FDE9C-64A6-4F29-A4FC-AC041F821A1F}.Debug|x64.ActiveCfg = Debug|x64
		{940FDE9C-64A6-4F29-A4FC-AC041F821A1F}.Debug|x64.Build.0 = Debug|x64
		{940FDE9C-64A6-4F29-A4FC-AC041F821A1F}.Debug|x64.Deploy.0 = Debug|x64
		{940FDE9C-64A6-4F29-A4FC-AC041F821A1F}.Debug|x86.ActiveCfg = Debug|x86
		{940FDE9C-64A6-4F29-A4FC-AC041F821A1F}.Debug|x86.Build.0 = Debug|x86
		{940FDE9C-64A6-4F29-A4FC-AC041F821A1F}.Debug|x86.Deploy.0 = Debug|x86
		{940FDE9C-64A6-4F29-A4FC-AC041F821A1F}.Release|Any CPU.ActiveCfg = Release|x64
		{940FDE9C-64A6-4F29-A4FC-AC041F821A1F}.Release|Any CPU.Build.0 = Release|x64
		{940FDE9C-64A6-4F29-A4FC-AC041F821A1F}.Release|Any CPU.Deploy.0 = Release|x64
		{940FDE9C-64A6-4F29-A4FC-AC041F821A1F}.Release|ARM.ActiveCfg = Release|ARM
		{940FDE9C-64A6-4F29-A4FC-AC041F821A1F}.Release|ARM.Build.0 = Release|ARM
		{940FDE9C-64A6-4F29-A4FC-AC041F821A1F}.Release|ARM.Deploy.0 = Release|ARM
		{940FDE9C-64A6-4F29-A4FC-AC041F821A1F}.Release|iPhone.ActiveCfg = Release|x64
		{940FDE9C-64A6-4F29-A4FC-AC041F821A1F}.Release|iPhone.Build.0 = Release|x64
		{940FDE9C-64A6-4F29-A4FC-AC041F821A1F}.Release|iPhone.Deploy.0 = Release|x64
		{940FDE9C-64A6-4F29-A4FC-AC041F821A1F}.Release|iPhoneSimulator.ActiveCfg = Release|x64
		{940FDE9C-64A6-4F29-A4FC-AC041F821A1F}.Release|iPhoneSimulator.Build.0 = Release|x64
		{940FDE9C-64A6-4F29-A4FC-AC041F821A1F}.Release|iPhoneSimulator.Deploy.0 = Release|x64
		{940FDE9C-64A6-4F29-A4FC-AC041F821A1F}.Release|x64.ActiveCfg = Release|x64
		{940FDE9C-64A6-4F29-A4FC-AC041F821A1F}.Release|x64.Build.0 = Release|x64
		{940FDE9C-64A6-4F29-A4FC-AC041F821A1F}.Release|x64.Deploy.0 = Release|x64
		{940FDE9C-64A6-4F29-A4FC-AC041F821A1F}.Release|x86.ActiveCfg = Release|x86
		{940FDE9C-64A6-4F29-A4FC-AC041F821A1F}.Release|x86.Build.0 = Release|x86
		{940FDE9C-64A6-4F29-A4FC-AC041F821A1F}.Release|x86.Deploy.0 = Release|x86
		{CE805503-E2B7-448C-93AA-99339C038DDF}.Debug|Any CPU.ActiveCfg = Debug|Any CPU
		{CE805503-E2B7-448C-93AA-99339C038DDF}.Debug|Any CPU.Build.0 = Debug|Any CPU
		{CE805503-E2B7-448C-93AA-99339C038DDF}.Debug|Any CPU.Deploy.0 = Debug|Any CPU
		{CE805503-E2B7-448C-93AA-99339C038DDF}.Debug|ARM.ActiveCfg = Debug|Any CPU
		{CE805503-E2B7-448C-93AA-99339C038DDF}.Debug|ARM.Build.0 = Debug|Any CPU
		{CE805503-E2B7-448C-93AA-99339C038DDF}.Debug|ARM.Deploy.0 = Debug|Any CPU
		{CE805503-E2B7-448C-93AA-99339C038DDF}.Debug|iPhone.ActiveCfg = Debug|Any CPU
		{CE805503-E2B7-448C-93AA-99339C038DDF}.Debug|iPhone.Build.0 = Debug|Any CPU
		{CE805503-E2B7-448C-93AA-99339C038DDF}.Debug|iPhone.Deploy.0 = Debug|Any CPU
		{CE805503-E2B7-448C-93AA-99339C038DDF}.Debug|iPhoneSimulator.ActiveCfg = Debug|Any CPU
		{CE805503-E2B7-448C-93AA-99339C038DDF}.Debug|iPhoneSimulator.Build.0 = Debug|Any CPU
		{CE805503-E2B7-448C-93AA-99339C038DDF}.Debug|iPhoneSimulator.Deploy.0 = Debug|Any CPU
		{CE805503-E2B7-448C-93AA-99339C038DDF}.Debug|x64.ActiveCfg = Debug|Any CPU
		{CE805503-E2B7-448C-93AA-99339C038DDF}.Debug|x64.Build.0 = Debug|Any CPU
		{CE805503-E2B7-448C-93AA-99339C038DDF}.Debug|x64.Deploy.0 = Debug|Any CPU
		{CE805503-E2B7-448C-93AA-99339C038DDF}.Debug|x86.ActiveCfg = Debug|Any CPU
		{CE805503-E2B7-448C-93AA-99339C038DDF}.Debug|x86.Build.0 = Debug|Any CPU
		{CE805503-E2B7-448C-93AA-99339C038DDF}.Debug|x86.Deploy.0 = Debug|Any CPU
		{CE805503-E2B7-448C-93AA-99339C038DDF}.Release|Any CPU.ActiveCfg = Release|Any CPU
		{CE805503-E2B7-448C-93AA-99339C038DDF}.Release|Any CPU.Build.0 = Release|Any CPU
		{CE805503-E2B7-448C-93AA-99339C038DDF}.Release|Any CPU.Deploy.0 = Release|Any CPU
		{CE805503-E2B7-448C-93AA-99339C038DDF}.Release|ARM.ActiveCfg = Release|Any CPU
		{CE805503-E2B7-448C-93AA-99339C038DDF}.Release|ARM.Build.0 = Release|Any CPU
		{CE805503-E2B7-448C-93AA-99339C038DDF}.Release|ARM.Deploy.0 = Release|Any CPU
		{CE805503-E2B7-448C-93AA-99339C038DDF}.Release|iPhone.ActiveCfg = Release|Any CPU
		{CE805503-E2B7-448C-93AA-99339C038DDF}.Release|iPhone.Build.0 = Release|Any CPU
		{CE805503-E2B7-448C-93AA-99339C038DDF}.Release|iPhone.Deploy.0 = Release|Any CPU
		{CE805503-E2B7-448C-93AA-99339C038DDF}.Release|iPhoneSimulator.ActiveCfg = Release|Any CPU
		{CE805503-E2B7-448C-93AA-99339C038DDF}.Release|iPhoneSimulator.Build.0 = Release|Any CPU
		{CE805503-E2B7-448C-93AA-99339C038DDF}.Release|iPhoneSimulator.Deploy.0 = Release|Any CPU
		{CE805503-E2B7-448C-93AA-99339C038DDF}.Release|x64.ActiveCfg = Release|Any CPU
		{CE805503-E2B7-448C-93AA-99339C038DDF}.Release|x64.Build.0 = Release|Any CPU
		{CE805503-E2B7-448C-93AA-99339C038DDF}.Release|x64.Deploy.0 = Release|Any CPU
		{CE805503-E2B7-448C-93AA-99339C038DDF}.Release|x86.ActiveCfg = Release|Any CPU
		{CE805503-E2B7-448C-93AA-99339C038DDF}.Release|x86.Build.0 = Release|Any CPU
		{CE805503-E2B7-448C-93AA-99339C038DDF}.Release|x86.Deploy.0 = Release|Any CPU
		{7CB55F07-E52E-4FC7-9AD0-3C005CB05F86}.Debug|Any CPU.ActiveCfg = Debug|iPhoneSimulator
		{7CB55F07-E52E-4FC7-9AD0-3C005CB05F86}.Debug|Any CPU.Build.0 = Debug|iPhoneSimulator
		{7CB55F07-E52E-4FC7-9AD0-3C005CB05F86}.Debug|Any CPU.Deploy.0 = Debug|iPhoneSimulator
		{7CB55F07-E52E-4FC7-9AD0-3C005CB05F86}.Debug|ARM.ActiveCfg = Debug|iPhoneSimulator
		{7CB55F07-E52E-4FC7-9AD0-3C005CB05F86}.Debug|ARM.Build.0 = Debug|iPhoneSimulator
		{7CB55F07-E52E-4FC7-9AD0-3C005CB05F86}.Debug|ARM.Deploy.0 = Debug|iPhoneSimulator
		{7CB55F07-E52E-4FC7-9AD0-3C005CB05F86}.Debug|iPhone.ActiveCfg = Debug|iPhone
		{7CB55F07-E52E-4FC7-9AD0-3C005CB05F86}.Debug|iPhone.Build.0 = Debug|iPhone
		{7CB55F07-E52E-4FC7-9AD0-3C005CB05F86}.Debug|iPhone.Deploy.0 = Debug|iPhone
		{7CB55F07-E52E-4FC7-9AD0-3C005CB05F86}.Debug|iPhoneSimulator.ActiveCfg = Debug|iPhoneSimulator
		{7CB55F07-E52E-4FC7-9AD0-3C005CB05F86}.Debug|iPhoneSimulator.Build.0 = Debug|iPhoneSimulator
		{7CB55F07-E52E-4FC7-9AD0-3C005CB05F86}.Debug|iPhoneSimulator.Deploy.0 = Debug|iPhoneSimulator
		{7CB55F07-E52E-4FC7-9AD0-3C005CB05F86}.Debug|x64.ActiveCfg = Debug|iPhone
		{7CB55F07-E52E-4FC7-9AD0-3C005CB05F86}.Debug|x64.Build.0 = Debug|iPhone
		{7CB55F07-E52E-4FC7-9AD0-3C005CB05F86}.Debug|x64.Deploy.0 = Debug|iPhone
		{7CB55F07-E52E-4FC7-9AD0-3C005CB05F86}.Debug|x86.ActiveCfg = Debug|iPhoneSimulator
		{7CB55F07-E52E-4FC7-9AD0-3C005CB05F86}.Debug|x86.Build.0 = Debug|iPhoneSimulator
		{7CB55F07-E52E-4FC7-9AD0-3C005CB05F86}.Debug|x86.Deploy.0 = Debug|iPhoneSimulator
		{7CB55F07-E52E-4FC7-9AD0-3C005CB05F86}.Release|Any CPU.ActiveCfg = Release|iPhoneSimulator
		{7CB55F07-E52E-4FC7-9AD0-3C005CB05F86}.Release|Any CPU.Build.0 = Release|iPhoneSimulator
		{7CB55F07-E52E-4FC7-9AD0-3C005CB05F86}.Release|Any CPU.Deploy.0 = Release|iPhoneSimulator
		{7CB55F07-E52E-4FC7-9AD0-3C005CB05F86}.Release|ARM.ActiveCfg = Release|iPhoneSimulator
		{7CB55F07-E52E-4FC7-9AD0-3C005CB05F86}.Release|ARM.Build.0 = Release|iPhoneSimulator
		{7CB55F07-E52E-4FC7-9AD0-3C005CB05F86}.Release|ARM.Deploy.0 = Release|iPhoneSimulator
		{7CB55F07-E52E-4FC7-9AD0-3C005CB05F86}.Release|iPhone.ActiveCfg = Release|iPhone
		{7CB55F07-E52E-4FC7-9AD0-3C005CB05F86}.Release|iPhone.Build.0 = Release|iPhone
		{7CB55F07-E52E-4FC7-9AD0-3C005CB05F86}.Release|iPhone.Deploy.0 = Release|iPhone
		{7CB55F07-E52E-4FC7-9AD0-3C005CB05F86}.Release|iPhoneSimulator.ActiveCfg = Release|iPhoneSimulator
		{7CB55F07-E52E-4FC7-9AD0-3C005CB05F86}.Release|iPhoneSimulator.Build.0 = Release|iPhoneSimulator
		{7CB55F07-E52E-4FC7-9AD0-3C005CB05F86}.Release|iPhoneSimulator.Deploy.0 = Release|iPhoneSimulator
		{7CB55F07-E52E-4FC7-9AD0-3C005CB05F86}.Release|x64.ActiveCfg = Release|iPhoneSimulator
		{7CB55F07-E52E-4FC7-9AD0-3C005CB05F86}.Release|x64.Build.0 = Release|iPhoneSimulator
		{7CB55F07-E52E-4FC7-9AD0-3C005CB05F86}.Release|x64.Deploy.0 = Release|iPhoneSimulator
		{7CB55F07-E52E-4FC7-9AD0-3C005CB05F86}.Release|x86.ActiveCfg = Release|iPhoneSimulator
		{7CB55F07-E52E-4FC7-9AD0-3C005CB05F86}.Release|x86.Build.0 = Release|iPhoneSimulator
		{7CB55F07-E52E-4FC7-9AD0-3C005CB05F86}.Release|x86.Deploy.0 = Release|iPhoneSimulator
		{18286994-E3D7-4383-8B05-730FF13012C0}.Debug|Any CPU.ActiveCfg = Debug|Any CPU
		{18286994-E3D7-4383-8B05-730FF13012C0}.Debug|Any CPU.Build.0 = Debug|Any CPU
		{18286994-E3D7-4383-8B05-730FF13012C0}.Debug|Any CPU.Deploy.0 = Debug|Any CPU
		{18286994-E3D7-4383-8B05-730FF13012C0}.Debug|ARM.ActiveCfg = Debug|Any CPU
		{18286994-E3D7-4383-8B05-730FF13012C0}.Debug|ARM.Build.0 = Debug|Any CPU
		{18286994-E3D7-4383-8B05-730FF13012C0}.Debug|ARM.Deploy.0 = Debug|Any CPU
		{18286994-E3D7-4383-8B05-730FF13012C0}.Debug|iPhone.ActiveCfg = Debug|Any CPU
		{18286994-E3D7-4383-8B05-730FF13012C0}.Debug|iPhone.Build.0 = Debug|Any CPU
		{18286994-E3D7-4383-8B05-730FF13012C0}.Debug|iPhone.Deploy.0 = Debug|Any CPU
		{18286994-E3D7-4383-8B05-730FF13012C0}.Debug|iPhoneSimulator.ActiveCfg = Debug|Any CPU
		{18286994-E3D7-4383-8B05-730FF13012C0}.Debug|iPhoneSimulator.Build.0 = Debug|Any CPU
		{18286994-E3D7-4383-8B05-730FF13012C0}.Debug|iPhoneSimulator.Deploy.0 = Debug|Any CPU
		{18286994-E3D7-4383-8B05-730FF13012C0}.Debug|x64.ActiveCfg = Debug|Any CPU
		{18286994-E3D7-4383-8B05-730FF13012C0}.Debug|x64.Build.0 = Debug|Any CPU
		{18286994-E3D7-4383-8B05-730FF13012C0}.Debug|x64.Deploy.0 = Debug|Any CPU
		{18286994-E3D7-4383-8B05-730FF13012C0}.Debug|x86.ActiveCfg = Debug|Any CPU
		{18286994-E3D7-4383-8B05-730FF13012C0}.Debug|x86.Build.0 = Debug|Any CPU
		{18286994-E3D7-4383-8B05-730FF13012C0}.Debug|x86.Deploy.0 = Debug|Any CPU
		{18286994-E3D7-4383-8B05-730FF13012C0}.Release|Any CPU.ActiveCfg = Release|Any CPU
		{18286994-E3D7-4383-8B05-730FF13012C0}.Release|Any CPU.Build.0 = Release|Any CPU
		{18286994-E3D7-4383-8B05-730FF13012C0}.Release|Any CPU.Deploy.0 = Release|Any CPU
		{18286994-E3D7-4383-8B05-730FF13012C0}.Release|ARM.ActiveCfg = Release|Any CPU
		{18286994-E3D7-4383-8B05-730FF13012C0}.Release|ARM.Build.0 = Release|Any CPU
		{18286994-E3D7-4383-8B05-730FF13012C0}.Release|ARM.Deploy.0 = Release|Any CPU
		{18286994-E3D7-4383-8B05-730FF13012C0}.Release|iPhone.ActiveCfg = Release|Any CPU
		{18286994-E3D7-4383-8B05-730FF13012C0}.Release|iPhone.Build.0 = Release|Any CPU
		{18286994-E3D7-4383-8B05-730FF13012C0}.Release|iPhone.Deploy.0 = Release|Any CPU
		{18286994-E3D7-4383-8B05-730FF13012C0}.Release|iPhoneSimulator.ActiveCfg = Release|Any CPU
		{18286994-E3D7-4383-8B05-730FF13012C0}.Release|iPhoneSimulator.Build.0 = Release|Any CPU
		{18286994-E3D7-4383-8B05-730FF13012C0}.Release|iPhoneSimulator.Deploy.0 = Release|Any CPU
		{18286994-E3D7-4383-8B05-730FF13012C0}.Release|x64.ActiveCfg = Release|Any CPU
		{18286994-E3D7-4383-8B05-730FF13012C0}.Release|x64.Build.0 = Release|Any CPU
		{18286994-E3D7-4383-8B05-730FF13012C0}.Release|x64.Deploy.0 = Release|Any CPU
		{18286994-E3D7-4383-8B05-730FF13012C0}.Release|x86.ActiveCfg = Release|Any CPU
		{18286994-E3D7-4383-8B05-730FF13012C0}.Release|x86.Build.0 = Release|Any CPU
		{18286994-E3D7-4383-8B05-730FF13012C0}.Release|x86.Deploy.0 = Release|Any CPU
	EndGlobalSection
	GlobalSection(SolutionProperties) = preSolution
		HideSolutionNode = FALSE
	EndGlobalSection
	GlobalSection(ExtensibilityGlobals) = postSolution
		SolutionGuid = {DB8AE3B6-A1D5-44AA-8748-CA216DF71E0D}
	EndGlobalSection
EndGlobal
